
Microsoft Visual Studio Solution File, Format Version 12.00
# Visual Studio Version 16
VisualStudioVersion = 16.0.29215.179
MinimumVisualStudioVersion = 10.0.40219.1
Project("{FAE04EC0-301F-11D3-BF4B-00C04F79EFBC}") = "Lab1", "Lab1\Lab1.csproj", "{88E47A0F-56FD-49A3-9471-F44B29621649}"
EndProject
Global
	GlobalSection(SolutionConfigurationPlatforms) = preSolution
		Debug|Any CPU = Debug|Any CPU
		Release|Any CPU = Release|Any CPU
	EndGlobalSection
	GlobalSection(ProjectConfigurationPlatforms) = postSolution
		{88E47A0F-56FD-49A3-9471-F44B29621649}.Debug|Any CPU.ActiveCfg = Debug|Any CPU
		{88E47A0F-56FD-49A3-9471-F44B29621649}.Debug|Any CPU.Build.0 = Debug|Any CPU
		{88E47A0F-56FD-49A3-9471-F44B29621649}.Release|Any CPU.ActiveCfg = Release|Any CPU
		{88E47A0F-56FD-49A3-9471-F44B29621649}.Release|Any CPU.Build.0 = Release|Any CPU
	EndGlobalSection
	GlobalSection(SolutionProperties) = preSolution
		HideSolutionNode = FALSE
	EndGlobalSection
	GlobalSection(ExtensibilityGlobals) = postSolution
		SolutionGuid = {19AFEF56-AFEB-4DAE-8A0F-30A929CA7AE7}
	EndGlobalSection
EndGlobal
